// !$*UTF8*$!
{
	archiveVersion = 1;
	classes = {
	};
	objectVersion = 51;
	objects = {

/* Begin PBXBuildFile section */
		0A2E90B2251E50F200298B89 /* CountryInfo.swift in Sources */ = {isa = PBXBuildFile; fileRef = 0A2E90B1251E50F200298B89 /* CountryInfo.swift */; };
		0A2E90B7251E58C000298B89 /* CountryInfoVC.swift in Sources */ = {isa = PBXBuildFile; fileRef = 0A2E90B6251E58C000298B89 /* CountryInfoVC.swift */; };
		0A2E90B8251E58C000298B89 /* CountryInfoVC.swift in Sources */ = {isa = PBXBuildFile; fileRef = 0A2E90B6251E58C000298B89 /* CountryInfoVC.swift */; };
		0A2E90B9251E58C000298B89 /* CountryInfoVC.swift in Sources */ = {isa = PBXBuildFile; fileRef = 0A2E90B6251E58C000298B89 /* CountryInfoVC.swift */; };
		0A2E90BF251E5A3300298B89 /* UIViewController+Ext.swift in Sources */ = {isa = PBXBuildFile; fileRef = 0A2E90BE251E5A3300298B89 /* UIViewController+Ext.swift */; };
		0A2E90C0251E5A3300298B89 /* UIViewController+Ext.swift in Sources */ = {isa = PBXBuildFile; fileRef = 0A2E90BE251E5A3300298B89 /* UIViewController+Ext.swift */; };
		0A2E90C1251E5A3300298B89 /* UIViewController+Ext.swift in Sources */ = {isa = PBXBuildFile; fileRef = 0A2E90BE251E5A3300298B89 /* UIViewController+Ext.swift */; };
		0A2E90CA251E5FAA00298B89 /* FlagImageView.swift in Sources */ = {isa = PBXBuildFile; fileRef = 0A2E90C9251E5FAA00298B89 /* FlagImageView.swift */; };
		0A2E90CF251E61D000298B89 /* CountryInfoHeaderVC.swift in Sources */ = {isa = PBXBuildFile; fileRef = 0A2E90CE251E61D000298B89 /* CountryInfoHeaderVC.swift */; };
		0A2E90D0251E61D000298B89 /* CountryInfoHeaderVC.swift in Sources */ = {isa = PBXBuildFile; fileRef = 0A2E90CE251E61D000298B89 /* CountryInfoHeaderVC.swift */; };
		0A2E90D1251E61D000298B89 /* CountryInfoHeaderVC.swift in Sources */ = {isa = PBXBuildFile; fileRef = 0A2E90CE251E61D000298B89 /* CountryInfoHeaderVC.swift */; };
		0A2E90D6251E629E00298B89 /* CSecondaryLabel.swift in Sources */ = {isa = PBXBuildFile; fileRef = 0A2E90D5251E629E00298B89 /* CSecondaryLabel.swift */; };
		0A2E90D7251E629E00298B89 /* CSecondaryLabel.swift in Sources */ = {isa = PBXBuildFile; fileRef = 0A2E90D5251E629E00298B89 /* CSecondaryLabel.swift */; };
		0A2E90D8251E629E00298B89 /* CSecondaryLabel.swift in Sources */ = {isa = PBXBuildFile; fileRef = 0A2E90D5251E629E00298B89 /* CSecondaryLabel.swift */; };
		0A2E90F8251E902A00298B89 /* CountryPopulationInfoVC.swift in Sources */ = {isa = PBXBuildFile; fileRef = 0A2E90F7251E902A00298B89 /* CountryPopulationInfoVC.swift */; };
		0A2E90FD251E946300298B89 /* CItemInfo.swift in Sources */ = {isa = PBXBuildFile; fileRef = 0A2E90FC251E946300298B89 /* CItemInfo.swift */; };
		0A8FA450251DE0250003D7EB /* AppDelegate.swift in Sources */ = {isa = PBXBuildFile; fileRef = 0A8FA44F251DE0250003D7EB /* AppDelegate.swift */; };
		0A8FA452251DE0250003D7EB /* SceneDelegate.swift in Sources */ = {isa = PBXBuildFile; fileRef = 0A8FA451251DE0250003D7EB /* SceneDelegate.swift */; };
		0A8FA459251DE0280003D7EB /* Assets.xcassets in Resources */ = {isa = PBXBuildFile; fileRef = 0A8FA458251DE0280003D7EB /* Assets.xcassets */; };
		0A8FA467251DE0290003D7EB /* CountriesTests.swift in Sources */ = {isa = PBXBuildFile; fileRef = 0A8FA466251DE0290003D7EB /* CountriesTests.swift */; };
		0A8FA472251DE0290003D7EB /* CountriesUITests.swift in Sources */ = {isa = PBXBuildFile; fileRef = 0A8FA471251DE0290003D7EB /* CountriesUITests.swift */; };
		0A8FA48F251DE7370003D7EB /* CountryListVC.swift in Sources */ = {isa = PBXBuildFile; fileRef = 0A8FA48E251DE7370003D7EB /* CountryListVC.swift */; };
		0A8FA4A4251DF0B10003D7EB /* ErrorMessage.swift in Sources */ = {isa = PBXBuildFile; fileRef = 0A8FA4A3251DF0B10003D7EB /* ErrorMessage.swift */; };
		0A8FA4A5251DF0B10003D7EB /* ErrorMessage.swift in Sources */ = {isa = PBXBuildFile; fileRef = 0A8FA4A3251DF0B10003D7EB /* ErrorMessage.swift */; };
		0A8FA4A6251DF0B10003D7EB /* ErrorMessage.swift in Sources */ = {isa = PBXBuildFile; fileRef = 0A8FA4A3251DF0B10003D7EB /* ErrorMessage.swift */; };
		0A8FA4AE251DF11C0003D7EB /* NetworkManager.swift in Sources */ = {isa = PBXBuildFile; fileRef = 0A8FA4AD251DF11C0003D7EB /* NetworkManager.swift */; };
		0A8FA4AF251DF11C0003D7EB /* NetworkManager.swift in Sources */ = {isa = PBXBuildFile; fileRef = 0A8FA4AD251DF11C0003D7EB /* NetworkManager.swift */; };
		0A8FA4B0251DF11C0003D7EB /* NetworkManager.swift in Sources */ = {isa = PBXBuildFile; fileRef = 0A8FA4AD251DF11C0003D7EB /* NetworkManager.swift */; };
		0A8FA4B8251DF1990003D7EB /* CountryList.swift in Sources */ = {isa = PBXBuildFile; fileRef = 0A8FA4B7251DF1990003D7EB /* CountryList.swift */; };
		0A8FA4B9251DF1990003D7EB /* CountryList.swift in Sources */ = {isa = PBXBuildFile; fileRef = 0A8FA4B7251DF1990003D7EB /* CountryList.swift */; };
		0A8FA4BA251DF1990003D7EB /* CountryList.swift in Sources */ = {isa = PBXBuildFile; fileRef = 0A8FA4B7251DF1990003D7EB /* CountryList.swift */; };
		0A8FA4C1251E0D500003D7EB /* CTitleLabel.swift in Sources */ = {isa = PBXBuildFile; fileRef = 0A8FA4C0251E0D500003D7EB /* CTitleLabel.swift */; };
		0A8FA4C6251E0E2F0003D7EB /* CBodyLabel.swift in Sources */ = {isa = PBXBuildFile; fileRef = 0A8FA4C5251E0E2F0003D7EB /* CBodyLabel.swift */; };
		0A8FA4CD251E15D70003D7EB /* CountryCell.swift in Sources */ = {isa = PBXBuildFile; fileRef = 0A8FA4CC251E15D70003D7EB /* CountryCell.swift */; };
		0A8FA4CE251E15D70003D7EB /* CountryCell.swift in Sources */ = {isa = PBXBuildFile; fileRef = 0A8FA4CC251E15D70003D7EB /* CountryCell.swift */; };
		0A8FA4CF251E15D70003D7EB /* CountryCell.swift in Sources */ = {isa = PBXBuildFile; fileRef = 0A8FA4CC251E15D70003D7EB /* CountryCell.swift */; };
		4CCDB5DE3F9BDA5E46C7175C /* Pods_Countries.framework in Frameworks */ = {isa = PBXBuildFile; fileRef = F716491F393D42891285A997 /* Pods_Countries.framework */; };
		9A5331CC0133E93457905426 /* Pods_CountriesTests.framework in Frameworks */ = {isa = PBXBuildFile; fileRef = EDBE582875639FEDA60176F4 /* Pods_CountriesTests.framework */; };
		ADA6352C16E3B62A22D17DC6 /* Pods_Countries_CountriesUITests.framework in Frameworks */ = {isa = PBXBuildFile; fileRef = CDB746BF82B81A64E91A97FE /* Pods_Countries_CountriesUITests.framework */; };
/* End PBXBuildFile section */

/* Begin PBXContainerItemProxy section */
		0A8FA463251DE0290003D7EB /* PBXContainerItemProxy */ = {
			isa = PBXContainerItemProxy;
			containerPortal = 0A8FA444251DE0250003D7EB /* Project object */;
			proxyType = 1;
			remoteGlobalIDString = 0A8FA44B251DE0250003D7EB;
			remoteInfo = Countries;
		};
		0A8FA46E251DE0290003D7EB /* PBXContainerItemProxy */ = {
			isa = PBXContainerItemProxy;
			containerPortal = 0A8FA444251DE0250003D7EB /* Project object */;
			proxyType = 1;
			remoteGlobalIDString = 0A8FA44B251DE0250003D7EB;
			remoteInfo = Countries;
		};
/* End PBXContainerItemProxy section */

/* Begin PBXFileReference section */
		0A2E90B1251E50F200298B89 /* CountryInfo.swift */ = {isa = PBXFileReference; lastKnownFileType = sourcecode.swift; path = CountryInfo.swift; sourceTree = "<group>"; };
		0A2E90B6251E58C000298B89 /* CountryInfoVC.swift */ = {isa = PBXFileReference; lastKnownFileType = sourcecode.swift; path = CountryInfoVC.swift; sourceTree = "<group>"; };
		0A2E90BE251E5A3300298B89 /* UIViewController+Ext.swift */ = {isa = PBXFileReference; lastKnownFileType = sourcecode.swift; path = "UIViewController+Ext.swift"; sourceTree = "<group>"; };
		0A2E90C9251E5FAA00298B89 /* FlagImageView.swift */ = {isa = PBXFileReference; lastKnownFileType = sourcecode.swift; path = FlagImageView.swift; sourceTree = "<group>"; };
		0A2E90CE251E61D000298B89 /* CountryInfoHeaderVC.swift */ = {isa = PBXFileReference; lastKnownFileType = sourcecode.swift; path = CountryInfoHeaderVC.swift; sourceTree = "<group>"; };
		0A2E90D5251E629E00298B89 /* CSecondaryLabel.swift */ = {isa = PBXFileReference; lastKnownFileType = sourcecode.swift; path = CSecondaryLabel.swift; sourceTree = "<group>"; };
		0A2E90F7251E902A00298B89 /* CountryPopulationInfoVC.swift */ = {isa = PBXFileReference; lastKnownFileType = sourcecode.swift; path = CountryPopulationInfoVC.swift; sourceTree = "<group>"; };
		0A2E90FC251E946300298B89 /* CItemInfo.swift */ = {isa = PBXFileReference; lastKnownFileType = sourcecode.swift; path = CItemInfo.swift; sourceTree = "<group>"; };
		0A8FA44C251DE0250003D7EB /* Countries.app */ = {isa = PBXFileReference; explicitFileType = wrapper.application; includeInIndex = 0; path = Countries.app; sourceTree = BUILT_PRODUCTS_DIR; };
		0A8FA44F251DE0250003D7EB /* AppDelegate.swift */ = {isa = PBXFileReference; lastKnownFileType = sourcecode.swift; path = AppDelegate.swift; sourceTree = "<group>"; };
		0A8FA451251DE0250003D7EB /* SceneDelegate.swift */ = {isa = PBXFileReference; lastKnownFileType = sourcecode.swift; path = SceneDelegate.swift; sourceTree = "<group>"; };
		0A8FA458251DE0280003D7EB /* Assets.xcassets */ = {isa = PBXFileReference; lastKnownFileType = folder.assetcatalog; path = Assets.xcassets; sourceTree = "<group>"; };
		0A8FA45D251DE0280003D7EB /* Info.plist */ = {isa = PBXFileReference; lastKnownFileType = text.plist.xml; path = Info.plist; sourceTree = "<group>"; };
		0A8FA462251DE0290003D7EB /* CountriesTests.xctest */ = {isa = PBXFileReference; explicitFileType = wrapper.cfbundle; includeInIndex = 0; path = CountriesTests.xctest; sourceTree = BUILT_PRODUCTS_DIR; };
		0A8FA466251DE0290003D7EB /* CountriesTests.swift */ = {isa = PBXFileReference; lastKnownFileType = sourcecode.swift; path = CountriesTests.swift; sourceTree = "<group>"; };
		0A8FA468251DE0290003D7EB /* Info.plist */ = {isa = PBXFileReference; lastKnownFileType = text.plist.xml; path = Info.plist; sourceTree = "<group>"; };
		0A8FA46D251DE0290003D7EB /* CountriesUITests.xctest */ = {isa = PBXFileReference; explicitFileType = wrapper.cfbundle; includeInIndex = 0; path = CountriesUITests.xctest; sourceTree = BUILT_PRODUCTS_DIR; };
		0A8FA471251DE0290003D7EB /* CountriesUITests.swift */ = {isa = PBXFileReference; lastKnownFileType = sourcecode.swift; path = CountriesUITests.swift; sourceTree = "<group>"; };
		0A8FA473251DE0290003D7EB /* Info.plist */ = {isa = PBXFileReference; lastKnownFileType = text.plist.xml; path = Info.plist; sourceTree = "<group>"; };
		0A8FA48E251DE7370003D7EB /* CountryListVC.swift */ = {isa = PBXFileReference; lastKnownFileType = sourcecode.swift; path = CountryListVC.swift; sourceTree = "<group>"; };
		0A8FA4A3251DF0B10003D7EB /* ErrorMessage.swift */ = {isa = PBXFileReference; lastKnownFileType = sourcecode.swift; path = ErrorMessage.swift; sourceTree = "<group>"; };
		0A8FA4AD251DF11C0003D7EB /* NetworkManager.swift */ = {isa = PBXFileReference; lastKnownFileType = sourcecode.swift; path = NetworkManager.swift; sourceTree = "<group>"; };
		0A8FA4B7251DF1990003D7EB /* CountryList.swift */ = {isa = PBXFileReference; lastKnownFileType = sourcecode.swift; path = CountryList.swift; sourceTree = "<group>"; };
		0A8FA4C0251E0D500003D7EB /* CTitleLabel.swift */ = {isa = PBXFileReference; lastKnownFileType = sourcecode.swift; path = CTitleLabel.swift; sourceTree = "<group>"; };
		0A8FA4C5251E0E2F0003D7EB /* CBodyLabel.swift */ = {isa = PBXFileReference; lastKnownFileType = sourcecode.swift; path = CBodyLabel.swift; sourceTree = "<group>"; };
		0A8FA4CC251E15D70003D7EB /* CountryCell.swift */ = {isa = PBXFileReference; lastKnownFileType = sourcecode.swift; path = CountryCell.swift; sourceTree = "<group>"; };
		232F1037AB5484C6A83A5084 /* Pods-CountriesTests.debug.xcconfig */ = {isa = PBXFileReference; includeInIndex = 1; lastKnownFileType = text.xcconfig; name = "Pods-CountriesTests.debug.xcconfig"; path = "Target Support Files/Pods-CountriesTests/Pods-CountriesTests.debug.xcconfig"; sourceTree = "<group>"; };
		28B4FFC0FCB6BD795DCEDB2A /* Pods-Countries.release.xcconfig */ = {isa = PBXFileReference; includeInIndex = 1; lastKnownFileType = text.xcconfig; name = "Pods-Countries.release.xcconfig"; path = "Target Support Files/Pods-Countries/Pods-Countries.release.xcconfig"; sourceTree = "<group>"; };
		2B685CDE43C094328D18B2EE /* Pods-Countries-CountriesUITests.release.xcconfig */ = {isa = PBXFileReference; includeInIndex = 1; lastKnownFileType = text.xcconfig; name = "Pods-Countries-CountriesUITests.release.xcconfig"; path = "Target Support Files/Pods-Countries-CountriesUITests/Pods-Countries-CountriesUITests.release.xcconfig"; sourceTree = "<group>"; };
		9884CD61BB786B9BD0DDF3D0 /* Pods-Countries-CountriesUITests.debug.xcconfig */ = {isa = PBXFileReference; includeInIndex = 1; lastKnownFileType = text.xcconfig; name = "Pods-Countries-CountriesUITests.debug.xcconfig"; path = "Target Support Files/Pods-Countries-CountriesUITests/Pods-Countries-CountriesUITests.debug.xcconfig"; sourceTree = "<group>"; };
		CDB746BF82B81A64E91A97FE /* Pods_Countries_CountriesUITests.framework */ = {isa = PBXFileReference; explicitFileType = wrapper.framework; includeInIndex = 0; path = Pods_Countries_CountriesUITests.framework; sourceTree = BUILT_PRODUCTS_DIR; };
		EDBE582875639FEDA60176F4 /* Pods_CountriesTests.framework */ = {isa = PBXFileReference; explicitFileType = wrapper.framework; includeInIndex = 0; path = Pods_CountriesTests.framework; sourceTree = BUILT_PRODUCTS_DIR; };
		F60045E90BB5C15B6F875854 /* Pods-Countries.debug.xcconfig */ = {isa = PBXFileReference; includeInIndex = 1; lastKnownFileType = text.xcconfig; name = "Pods-Countries.debug.xcconfig"; path = "Target Support Files/Pods-Countries/Pods-Countries.debug.xcconfig"; sourceTree = "<group>"; };
		F716491F393D42891285A997 /* Pods_Countries.framework */ = {isa = PBXFileReference; explicitFileType = wrapper.framework; includeInIndex = 0; path = Pods_Countries.framework; sourceTree = BUILT_PRODUCTS_DIR; };
		FD13D8BE93FAEE51555BD33F /* Pods-CountriesTests.release.xcconfig */ = {isa = PBXFileReference; includeInIndex = 1; lastKnownFileType = text.xcconfig; name = "Pods-CountriesTests.release.xcconfig"; path = "Target Support Files/Pods-CountriesTests/Pods-CountriesTests.release.xcconfig"; sourceTree = "<group>"; };
/* End PBXFileReference section */

/* Begin PBXFrameworksBuildPhase section */
		0A8FA449251DE0250003D7EB /* Frameworks */ = {
			isa = PBXFrameworksBuildPhase;
			buildActionMask = 2147483647;
			files = (
				4CCDB5DE3F9BDA5E46C7175C /* Pods_Countries.framework in Frameworks */,
			);
			runOnlyForDeploymentPostprocessing = 0;
		};
		0A8FA45F251DE0290003D7EB /* Frameworks */ = {
			isa = PBXFrameworksBuildPhase;
			buildActionMask = 2147483647;
			files = (
				9A5331CC0133E93457905426 /* Pods_CountriesTests.framework in Frameworks */,
			);
			runOnlyForDeploymentPostprocessing = 0;
		};
		0A8FA46A251DE0290003D7EB /* Frameworks */ = {
			isa = PBXFrameworksBuildPhase;
			buildActionMask = 2147483647;
			files = (
				ADA6352C16E3B62A22D17DC6 /* Pods_Countries_CountriesUITests.framework in Frameworks */,
			);
			runOnlyForDeploymentPostprocessing = 0;
		};
/* End PBXFrameworksBuildPhase section */

/* Begin PBXGroup section */
		0A2E90BD251E5A1100298B89 /* Extensions */ = {
			isa = PBXGroup;
			children = (
				0A2E90BE251E5A3300298B89 /* UIViewController+Ext.swift */,
			);
			path = Extensions;
			sourceTree = "<group>";
		};
		0A2E90C8251E5F8100298B89 /* ImageViews */ = {
			isa = PBXGroup;
			children = (
				0A2E90C9251E5FAA00298B89 /* FlagImageView.swift */,
			);
			path = ImageViews;
			sourceTree = "<group>";
		};
		0A8FA443251DE0250003D7EB = {
			isa = PBXGroup;
			children = (
				0A8FA44E251DE0250003D7EB /* Countries */,
				0A8FA465251DE0290003D7EB /* CountriesTests */,
				0A8FA470251DE0290003D7EB /* CountriesUITests */,
				0A8FA44D251DE0250003D7EB /* Products */,
				D5F53772CB06123FA3FD0714 /* Pods */,
				3CCB243A04472361D378F9A8 /* Frameworks */,
			);
			sourceTree = "<group>";
		};
		0A8FA44D251DE0250003D7EB /* Products */ = {
			isa = PBXGroup;
			children = (
				0A8FA44C251DE0250003D7EB /* Countries.app */,
				0A8FA462251DE0290003D7EB /* CountriesTests.xctest */,
				0A8FA46D251DE0290003D7EB /* CountriesUITests.xctest */,
			);
			name = Products;
			sourceTree = "<group>";
		};
		0A8FA44E251DE0250003D7EB /* Countries */ = {
			isa = PBXGroup;
			children = (
				0A2E90BD251E5A1100298B89 /* Extensions */,
				0A8FA4A2251DF09B0003D7EB /* Utilities */,
				0A8FA4A0251DF01E0003D7EB /* Custom Views */,
				0A8FA45D251DE0280003D7EB /* Info.plist */,
				0A8FA493251DEBBB0003D7EB /* Managers */,
				0A8FA4A1251DF0280003D7EB /* Model */,
				0A8FA494251DEBC20003D7EB /* Screens */,
				0A8FA495251DEBD70003D7EB /* Support */,
			);
			path = Countries;
			sourceTree = "<group>";
		};
		0A8FA465251DE0290003D7EB /* CountriesTests */ = {
			isa = PBXGroup;
			children = (
				0A8FA466251DE0290003D7EB /* CountriesTests.swift */,
				0A8FA468251DE0290003D7EB /* Info.plist */,
			);
			path = CountriesTests;
			sourceTree = "<group>";
		};
		0A8FA470251DE0290003D7EB /* CountriesUITests */ = {
			isa = PBXGroup;
			children = (
				0A8FA471251DE0290003D7EB /* CountriesUITests.swift */,
				0A8FA473251DE0290003D7EB /* Info.plist */,
			);
			path = CountriesUITests;
			sourceTree = "<group>";
		};
		0A8FA493251DEBBB0003D7EB /* Managers */ = {
			isa = PBXGroup;
			children = (
				0A8FA4AD251DF11C0003D7EB /* NetworkManager.swift */,
			);
			path = Managers;
			sourceTree = "<group>";
		};
		0A8FA494251DEBC20003D7EB /* Screens */ = {
			isa = PBXGroup;
			children = (
				0A8FA48E251DE7370003D7EB /* CountryListVC.swift */,
				0A2E90B6251E58C000298B89 /* CountryInfoVC.swift */,
			);
			path = Screens;
			sourceTree = "<group>";
		};
		0A8FA495251DEBD70003D7EB /* Support */ = {
			isa = PBXGroup;
			children = (
				0A8FA44F251DE0250003D7EB /* AppDelegate.swift */,
				0A8FA451251DE0250003D7EB /* SceneDelegate.swift */,
				0A8FA458251DE0280003D7EB /* Assets.xcassets */,
			);
			path = Support;
			sourceTree = "<group>";
		};
		0A8FA4A0251DF01E0003D7EB /* Custom Views */ = {
			isa = PBXGroup;
			children = (
				0A2E90C8251E5F8100298B89 /* ImageViews */,
				0A8FA4CB251E15A90003D7EB /* Cell */,
				0A8FA4CA251E159A0003D7EB /* Labels */,
				0A2E90CE251E61D000298B89 /* CountryInfoHeaderVC.swift */,
				0A2E90F7251E902A00298B89 /* CountryPopulationInfoVC.swift */,
				0A2E90FC251E946300298B89 /* CItemInfo.swift */,
			);
			path = "Custom Views";
			sourceTree = "<group>";
		};
		0A8FA4A1251DF0280003D7EB /* Model */ = {
			isa = PBXGroup;
			children = (
				0A8FA4B7251DF1990003D7EB /* CountryList.swift */,
				0A2E90B1251E50F200298B89 /* CountryInfo.swift */,
			);
			path = Model;
			sourceTree = "<group>";
		};
		0A8FA4A2251DF09B0003D7EB /* Utilities */ = {
			isa = PBXGroup;
			children = (
				0A8FA4A3251DF0B10003D7EB /* ErrorMessage.swift */,
			);
			path = Utilities;
			sourceTree = "<group>";
		};
		0A8FA4CA251E159A0003D7EB /* Labels */ = {
			isa = PBXGroup;
			children = (
				0A8FA4C5251E0E2F0003D7EB /* CBodyLabel.swift */,
				0A8FA4C0251E0D500003D7EB /* CTitleLabel.swift */,
				0A2E90D5251E629E00298B89 /* CSecondaryLabel.swift */,
			);
			path = Labels;
			sourceTree = "<group>";
		};
		0A8FA4CB251E15A90003D7EB /* Cell */ = {
			isa = PBXGroup;
			children = (
				0A8FA4CC251E15D70003D7EB /* CountryCell.swift */,
			);
			path = Cell;
			sourceTree = "<group>";
		};
		3CCB243A04472361D378F9A8 /* Frameworks */ = {
			isa = PBXGroup;
			children = (
				F716491F393D42891285A997 /* Pods_Countries.framework */,
				CDB746BF82B81A64E91A97FE /* Pods_Countries_CountriesUITests.framework */,
				EDBE582875639FEDA60176F4 /* Pods_CountriesTests.framework */,
			);
			name = Frameworks;
			sourceTree = "<group>";
		};
		D5F53772CB06123FA3FD0714 /* Pods */ = {
			isa = PBXGroup;
			children = (
				F60045E90BB5C15B6F875854 /* Pods-Countries.debug.xcconfig */,
				28B4FFC0FCB6BD795DCEDB2A /* Pods-Countries.release.xcconfig */,
				9884CD61BB786B9BD0DDF3D0 /* Pods-Countries-CountriesUITests.debug.xcconfig */,
				2B685CDE43C094328D18B2EE /* Pods-Countries-CountriesUITests.release.xcconfig */,
				232F1037AB5484C6A83A5084 /* Pods-CountriesTests.debug.xcconfig */,
				FD13D8BE93FAEE51555BD33F /* Pods-CountriesTests.release.xcconfig */,
			);
			path = Pods;
			sourceTree = "<group>";
		};
/* End PBXGroup section */

/* Begin PBXNativeTarget section */
		0A8FA44B251DE0250003D7EB /* Countries */ = {
			isa = PBXNativeTarget;
			buildConfigurationList = 0A8FA476251DE0290003D7EB /* Build configuration list for PBXNativeTarget "Countries" */;
			buildPhases = (
				D8DB4350FAF619F9527572C6 /* [CP] Check Pods Manifest.lock */,
				0A8FA448251DE0250003D7EB /* Sources */,
				0A8FA449251DE0250003D7EB /* Frameworks */,
				0A8FA44A251DE0250003D7EB /* Resources */,
				C3D6379D88A303495362B970 /* [CP] Embed Pods Frameworks */,
			);
			buildRules = (
			);
			dependencies = (
			);
			name = Countries;
			productName = Countries;
			productReference = 0A8FA44C251DE0250003D7EB /* Countries.app */;
			productType = "com.apple.product-type.application";
		};
		0A8FA461251DE0290003D7EB /* CountriesTests */ = {
			isa = PBXNativeTarget;
			buildConfigurationList = 0A8FA479251DE0290003D7EB /* Build configuration list for PBXNativeTarget "CountriesTests" */;
			buildPhases = (
				79E4BFF94B9AD5BACA8BA01E /* [CP] Check Pods Manifest.lock */,
				0A8FA45E251DE0290003D7EB /* Sources */,
				0A8FA45F251DE0290003D7EB /* Frameworks */,
				0A8FA460251DE0290003D7EB /* Resources */,
			);
			buildRules = (
			);
			dependencies = (
				0A8FA464251DE0290003D7EB /* PBXTargetDependency */,
			);
			name = CountriesTests;
			productName = CountriesTests;
			productReference = 0A8FA462251DE0290003D7EB /* CountriesTests.xctest */;
			productType = "com.apple.product-type.bundle.unit-test";
		};
		0A8FA46C251DE0290003D7EB /* CountriesUITests */ = {
			isa = PBXNativeTarget;
			buildConfigurationList = 0A8FA47C251DE0290003D7EB /* Build configuration list for PBXNativeTarget "CountriesUITests" */;
			buildPhases = (
				5A1A28703AD92637E43FB258 /* [CP] Check Pods Manifest.lock */,
				0A8FA469251DE0290003D7EB /* Sources */,
				0A8FA46A251DE0290003D7EB /* Frameworks */,
				0A8FA46B251DE0290003D7EB /* Resources */,
				0B6607A727365BC6B827F241 /* [CP] Embed Pods Frameworks */,
			);
			buildRules = (
			);
			dependencies = (
				0A8FA46F251DE0290003D7EB /* PBXTargetDependency */,
			);
			name = CountriesUITests;
			productName = CountriesUITests;
			productReference = 0A8FA46D251DE0290003D7EB /* CountriesUITests.xctest */;
			productType = "com.apple.product-type.bundle.ui-testing";
		};
/* End PBXNativeTarget section */

/* Begin PBXProject section */
		0A8FA444251DE0250003D7EB /* Project object */ = {
			isa = PBXProject;
			attributes = {
				LastSwiftUpdateCheck = 1200;
				LastUpgradeCheck = 1200;
				TargetAttributes = {
					0A8FA44B251DE0250003D7EB = {
						CreatedOnToolsVersion = 12.0;
					};
					0A8FA461251DE0290003D7EB = {
						CreatedOnToolsVersion = 12.0;
						TestTargetID = 0A8FA44B251DE0250003D7EB;
					};
					0A8FA46C251DE0290003D7EB = {
						CreatedOnToolsVersion = 12.0;
						TestTargetID = 0A8FA44B251DE0250003D7EB;
					};
				};
			};
			buildConfigurationList = 0A8FA447251DE0250003D7EB /* Build configuration list for PBXProject "Countries" */;
			compatibilityVersion = "Xcode 9.3";
			developmentRegion = en;
			hasScannedForEncodings = 0;
			knownRegions = (
				en,
				Base,
			);
			mainGroup = 0A8FA443251DE0250003D7EB;
			productRefGroup = 0A8FA44D251DE0250003D7EB /* Products */;
			projectDirPath = "";
			projectRoot = "";
			targets = (
				0A8FA44B251DE0250003D7EB /* Countries */,
				0A8FA461251DE0290003D7EB /* CountriesTests */,
				0A8FA46C251DE0290003D7EB /* CountriesUITests */,
			);
		};
/* End PBXProject section */

/* Begin PBXResourcesBuildPhase section */
		0A8FA44A251DE0250003D7EB /* Resources */ = {
			isa = PBXResourcesBuildPhase;
			buildActionMask = 2147483647;
			files = (
				0A8FA459251DE0280003D7EB /* Assets.xcassets in Resources */,
			);
			runOnlyForDeploymentPostprocessing = 0;
		};
		0A8FA460251DE0290003D7EB /* Resources */ = {
			isa = PBXResourcesBuildPhase;
			buildActionMask = 2147483647;
			files = (
			);
			runOnlyForDeploymentPostprocessing = 0;
		};
		0A8FA46B251DE0290003D7EB /* Resources */ = {
			isa = PBXResourcesBuildPhase;
			buildActionMask = 2147483647;
			files = (
			);
			runOnlyForDeploymentPostprocessing = 0;
		};
/* End PBXResourcesBuildPhase section */

/* Begin PBXShellScriptBuildPhase section */
		0B6607A727365BC6B827F241 /* [CP] Embed Pods Frameworks */ = {
			isa = PBXShellScriptBuildPhase;
			buildActionMask = 2147483647;
			files = (
			);
			inputFileListPaths = (
				"${PODS_ROOT}/Target Support Files/Pods-Countries-CountriesUITests/Pods-Countries-CountriesUITests-frameworks-${CONFIGURATION}-input-files.xcfilelist",
			);
			name = "[CP] Embed Pods Frameworks";
			outputFileListPaths = (
				"${PODS_ROOT}/Target Support Files/Pods-Countries-CountriesUITests/Pods-Countries-CountriesUITests-frameworks-${CONFIGURATION}-output-files.xcfilelist",
			);
			runOnlyForDeploymentPostprocessing = 0;
			shellPath = /bin/sh;
			shellScript = "\"${PODS_ROOT}/Target Support Files/Pods-Countries-CountriesUITests/Pods-Countries-CountriesUITests-frameworks.sh\"\n";
			showEnvVarsInLog = 0;
		};
		5A1A28703AD92637E43FB258 /* [CP] Check Pods Manifest.lock */ = {
			isa = PBXShellScriptBuildPhase;
			buildActionMask = 2147483647;
			files = (
			);
			inputFileListPaths = (
			);
			inputPaths = (
				"${PODS_PODFILE_DIR_PATH}/Podfile.lock",
				"${PODS_ROOT}/Manifest.lock",
			);
			name = "[CP] Check Pods Manifest.lock";
			outputFileListPaths = (
			);
			outputPaths = (
				"$(DERIVED_FILE_DIR)/Pods-Countries-CountriesUITests-checkManifestLockResult.txt",
			);
			runOnlyForDeploymentPostprocessing = 0;
			shellPath = /bin/sh;
			shellScript = "diff \"${PODS_PODFILE_DIR_PATH}/Podfile.lock\" \"${PODS_ROOT}/Manifest.lock\" > /dev/null\nif [ $? != 0 ] ; then\n    # print error to STDERR\n    echo \"error: The sandbox is not in sync with the Podfile.lock. Run 'pod install' or update your CocoaPods installation.\" >&2\n    exit 1\nfi\n# This output is used by Xcode 'outputs' to avoid re-running this script phase.\necho \"SUCCESS\" > \"${SCRIPT_OUTPUT_FILE_0}\"\n";
			showEnvVarsInLog = 0;
		};
		79E4BFF94B9AD5BACA8BA01E /* [CP] Check Pods Manifest.lock */ = {
			isa = PBXShellScriptBuildPhase;
			buildActionMask = 2147483647;
			files = (
			);
			inputFileListPaths = (
			);
			inputPaths = (
				"${PODS_PODFILE_DIR_PATH}/Podfile.lock",
				"${PODS_ROOT}/Manifest.lock",
			);
			name = "[CP] Check Pods Manifest.lock";
			outputFileListPaths = (
			);
			outputPaths = (
				"$(DERIVED_FILE_DIR)/Pods-CountriesTests-checkManifestLockResult.txt",
			);
			runOnlyForDeploymentPostprocessing = 0;
			shellPath = /bin/sh;
			shellScript = "diff \"${PODS_PODFILE_DIR_PATH}/Podfile.lock\" \"${PODS_ROOT}/Manifest.lock\" > /dev/null\nif [ $? != 0 ] ; then\n    # print error to STDERR\n    echo \"error: The sandbox is not in sync with the Podfile.lock. Run 'pod install' or update your CocoaPods installation.\" >&2\n    exit 1\nfi\n# This output is used by Xcode 'outputs' to avoid re-running this script phase.\necho \"SUCCESS\" > \"${SCRIPT_OUTPUT_FILE_0}\"\n";
			showEnvVarsInLog = 0;
		};
		C3D6379D88A303495362B970 /* [CP] Embed Pods Frameworks */ = {
			isa = PBXShellScriptBuildPhase;
			buildActionMask = 2147483647;
			files = (
			);
			inputFileListPaths = (
				"${PODS_ROOT}/Target Support Files/Pods-Countries/Pods-Countries-frameworks-${CONFIGURATION}-input-files.xcfilelist",
			);
			name = "[CP] Embed Pods Frameworks";
			outputFileListPaths = (
				"${PODS_ROOT}/Target Support Files/Pods-Countries/Pods-Countries-frameworks-${CONFIGURATION}-output-files.xcfilelist",
			);
			runOnlyForDeploymentPostprocessing = 0;
			shellPath = /bin/sh;
			shellScript = "\"${PODS_ROOT}/Target Support Files/Pods-Countries/Pods-Countries-frameworks.sh\"\n";
			showEnvVarsInLog = 0;
		};
		D8DB4350FAF619F9527572C6 /* [CP] Check Pods Manifest.lock */ = {
			isa = PBXShellScriptBuildPhase;
			buildActionMask = 2147483647;
			files = (
			);
			inputFileListPaths = (
			);
			inputPaths = (
				"${PODS_PODFILE_DIR_PATH}/Podfile.lock",
				"${PODS_ROOT}/Manifest.lock",
			);
			name = "[CP] Check Pods Manifest.lock";
			outputFileListPaths = (
			);
			outputPaths = (
				"$(DERIVED_FILE_DIR)/Pods-Countries-checkManifestLockResult.txt",
			);
			runOnlyForDeploymentPostprocessing = 0;
			shellPath = /bin/sh;
			shellScript = "diff \"${PODS_PODFILE_DIR_PATH}/Podfile.lock\" \"${PODS_ROOT}/Manifest.lock\" > /dev/null\nif [ $? != 0 ] ; then\n    # print error to STDERR\n    echo \"error: The sandbox is not in sync with the Podfile.lock. Run 'pod install' or update your CocoaPods installation.\" >&2\n    exit 1\nfi\n# This output is used by Xcode 'outputs' to avoid re-running this script phase.\necho \"SUCCESS\" > \"${SCRIPT_OUTPUT_FILE_0}\"\n";
			showEnvVarsInLog = 0;
		};
/* End PBXShellScriptBuildPhase section */

/* Begin PBXSourcesBuildPhase section */
		0A8FA448251DE0250003D7EB /* Sources */ = {
			isa = PBXSourcesBuildPhase;
			buildActionMask = 2147483647;
			files = (
				0A8FA4AE251DF11C0003D7EB /* NetworkManager.swift in Sources */,
				0A8FA450251DE0250003D7EB /* AppDelegate.swift in Sources */,
				0A2E90BF251E5A3300298B89 /* UIViewController+Ext.swift in Sources */,
				0A8FA4B8251DF1990003D7EB /* CountryList.swift in Sources */,
				0A2E90CF251E61D000298B89 /* CountryInfoHeaderVC.swift in Sources */,
				0A8FA4C1251E0D500003D7EB /* CTitleLabel.swift in Sources */,
				0A8FA4C6251E0E2F0003D7EB /* CBodyLabel.swift in Sources */,
				0A8FA4A4251DF0B10003D7EB /* ErrorMessage.swift in Sources */,
				0A8FA48F251DE7370003D7EB /* CountryListVC.swift in Sources */,
				0A8FA452251DE0250003D7EB /* SceneDelegate.swift in Sources */,
				0A2E90B2251E50F200298B89 /* CountryInfo.swift in Sources */,
				0A8FA4CD251E15D70003D7EB /* CountryCell.swift in Sources */,
				0A2E90F8251E902A00298B89 /* CountryPopulationInfoVC.swift in Sources */,
				0A2E90FD251E946300298B89 /* CItemInfo.swift in Sources */,
				0A2E90D6251E629E00298B89 /* CSecondaryLabel.swift in Sources */,
				0A2E90CA251E5FAA00298B89 /* FlagImageView.swift in Sources */,
				0A2E90B7251E58C000298B89 /* CountryInfoVC.swift in Sources */,
			);
			runOnlyForDeploymentPostprocessing = 0;
		};
		0A8FA45E251DE0290003D7EB /* Sources */ = {
			isa = PBXSourcesBuildPhase;
			buildActionMask = 2147483647;
			files = (
				0A8FA4B9251DF1990003D7EB /* CountryList.swift in Sources */,
				0A8FA4AF251DF11C0003D7EB /* NetworkManager.swift in Sources */,
				0A2E90C0251E5A3300298B89 /* UIViewController+Ext.swift in Sources */,
				0A2E90D7251E629E00298B89 /* CSecondaryLabel.swift in Sources */,
				0A8FA4CE251E15D70003D7EB /* CountryCell.swift in Sources */,
				0A8FA467251DE0290003D7EB /* CountriesTests.swift in Sources */,
				0A8FA4A5251DF0B10003D7EB /* ErrorMessage.swift in Sources */,
				0A2E90D0251E61D000298B89 /* CountryInfoHeaderVC.swift in Sources */,
				0A2E90B8251E58C000298B89 /* CountryInfoVC.swift in Sources */,
			);
			runOnlyForDeploymentPostprocessing = 0;
		};
		0A8FA469251DE0290003D7EB /* Sources */ = {
			isa = PBXSourcesBuildPhase;
			buildActionMask = 2147483647;
			files = (
				0A8FA4BA251DF1990003D7EB /* CountryList.swift in Sources */,
				0A8FA4B0251DF11C0003D7EB /* NetworkManager.swift in Sources */,
				0A2E90C1251E5A3300298B89 /* UIViewController+Ext.swift in Sources */,
				0A2E90D8251E629E00298B89 /* CSecondaryLabel.swift in Sources */,
				0A8FA4CF251E15D70003D7EB /* CountryCell.swift in Sources */,
				0A8FA472251DE0290003D7EB /* CountriesUITests.swift in Sources */,
				0A8FA4A6251DF0B10003D7EB /* ErrorMessage.swift in Sources */,
				0A2E90D1251E61D000298B89 /* CountryInfoHeaderVC.swift in Sources */,
				0A2E90B9251E58C000298B89 /* CountryInfoVC.swift in Sources */,
			);
			runOnlyForDeploymentPostprocessing = 0;
		};
/* End PBXSourcesBuildPhase section */

/* Begin PBXTargetDependency section */
		0A8FA464251DE0290003D7EB /* PBXTargetDependency */ = {
			isa = PBXTargetDependency;
			target = 0A8FA44B251DE0250003D7EB /* Countries */;
			targetProxy = 0A8FA463251DE0290003D7EB /* PBXContainerItemProxy */;
		};
		0A8FA46F251DE0290003D7EB /* PBXTargetDependency */ = {
			isa = PBXTargetDependency;
			target = 0A8FA44B251DE0250003D7EB /* Countries */;
			targetProxy = 0A8FA46E251DE0290003D7EB /* PBXContainerItemProxy */;
		};
/* End PBXTargetDependency section */

/* Begin XCBuildConfiguration section */
		0A8FA474251DE0290003D7EB /* Debug */ = {
			isa = XCBuildConfiguration;
			buildSettings = {
				ALWAYS_SEARCH_USER_PATHS = NO;
				CLANG_ANALYZER_NONNULL = YES;
				CLANG_ANALYZER_NUMBER_OBJECT_CONVERSION = YES_AGGRESSIVE;
				CLANG_CXX_LANGUAGE_STANDARD = "gnu++14";
				CLANG_CXX_LIBRARY = "libc++";
				CLANG_ENABLE_MODULES = YES;
				CLANG_ENABLE_OBJC_ARC = YES;
				CLANG_ENABLE_OBJC_WEAK = YES;
				CLANG_WARN_BLOCK_CAPTURE_AUTORELEASING = YES;
				CLANG_WARN_BOOL_CONVERSION = YES;
				CLANG_WARN_COMMA = YES;
				CLANG_WARN_CONSTANT_CONVERSION = YES;
				CLANG_WARN_DEPRECATED_OBJC_IMPLEMENTATIONS = YES;
				CLANG_WARN_DIRECT_OBJC_ISA_USAGE = YES_ERROR;
				CLANG_WARN_DOCUMENTATION_COMMENTS = YES;
				CLANG_WARN_EMPTY_BODY = YES;
				CLANG_WARN_ENUM_CONVERSION = YES;
				CLANG_WARN_INFINITE_RECURSION = YES;
				CLANG_WARN_INT_CONVERSION = YES;
				CLANG_WARN_NON_LITERAL_NULL_CONVERSION = YES;
				CLANG_WARN_OBJC_IMPLICIT_RETAIN_SELF = YES;
				CLANG_WARN_OBJC_LITERAL_CONVERSION = YES;
				CLANG_WARN_OBJC_ROOT_CLASS = YES_ERROR;
				CLANG_WARN_QUOTED_INCLUDE_IN_FRAMEWORK_HEADER = YES;
				CLANG_WARN_RANGE_LOOP_ANALYSIS = YES;
				CLANG_WARN_STRICT_PROTOTYPES = YES;
				CLANG_WARN_SUSPICIOUS_MOVE = YES;
				CLANG_WARN_UNGUARDED_AVAILABILITY = YES_AGGRESSIVE;
				CLANG_WARN_UNREACHABLE_CODE = YES;
				CLANG_WARN__DUPLICATE_METHOD_MATCH = YES;
				COPY_PHASE_STRIP = NO;
				DEBUG_INFORMATION_FORMAT = dwarf;
				ENABLE_STRICT_OBJC_MSGSEND = YES;
				ENABLE_TESTABILITY = YES;
				GCC_C_LANGUAGE_STANDARD = gnu11;
				GCC_DYNAMIC_NO_PIC = NO;
				GCC_NO_COMMON_BLOCKS = YES;
				GCC_OPTIMIZATION_LEVEL = 0;
				GCC_PREPROCESSOR_DEFINITIONS = (
					"DEBUG=1",
					"$(inherited)",
				);
				GCC_WARN_64_TO_32_BIT_CONVERSION = YES;
				GCC_WARN_ABOUT_RETURN_TYPE = YES_ERROR;
				GCC_WARN_UNDECLARED_SELECTOR = YES;
				GCC_WARN_UNINITIALIZED_AUTOS = YES_AGGRESSIVE;
				GCC_WARN_UNUSED_FUNCTION = YES;
				GCC_WARN_UNUSED_VARIABLE = YES;
				IPHONEOS_DEPLOYMENT_TARGET = 14.0;
				MTL_ENABLE_DEBUG_INFO = INCLUDE_SOURCE;
				MTL_FAST_MATH = YES;
				ONLY_ACTIVE_ARCH = YES;
				SDKROOT = iphoneos;
				SWIFT_ACTIVE_COMPILATION_CONDITIONS = DEBUG;
				SWIFT_OPTIMIZATION_LEVEL = "-Onone";
			};
			name = Debug;
		};
		0A8FA475251DE0290003D7EB /* Release */ = {
			isa = XCBuildConfiguration;
			buildSettings = {
				ALWAYS_SEARCH_USER_PATHS = NO;
				CLANG_ANALYZER_NONNULL = YES;
				CLANG_ANALYZER_NUMBER_OBJECT_CONVERSION = YES_AGGRESSIVE;
				CLANG_CXX_LANGUAGE_STANDARD = "gnu++14";
				CLANG_CXX_LIBRARY = "libc++";
				CLANG_ENABLE_MODULES = YES;
				CLANG_ENABLE_OBJC_ARC = YES;
				CLANG_ENABLE_OBJC_WEAK = YES;
				CLANG_WARN_BLOCK_CAPTURE_AUTORELEASING = YES;
				CLANG_WARN_BOOL_CONVERSION = YES;
				CLANG_WARN_COMMA = YES;
				CLANG_WARN_CONSTANT_CONVERSION = YES;
				CLANG_WARN_DEPRECATED_OBJC_IMPLEMENTATIONS = YES;
				CLANG_WARN_DIRECT_OBJC_ISA_USAGE = YES_ERROR;
				CLANG_WARN_DOCUMENTATION_COMMENTS = YES;
				CLANG_WARN_EMPTY_BODY = YES;
				CLANG_WARN_ENUM_CONVERSION = YES;
				CLANG_WARN_INFINITE_RECURSION = YES;
				CLANG_WARN_INT_CONVERSION = YES;
				CLANG_WARN_NON_LITERAL_NULL_CONVERSION = YES;
				CLANG_WARN_OBJC_IMPLICIT_RETAIN_SELF = YES;
				CLANG_WARN_OBJC_LITERAL_CONVERSION = YES;
				CLANG_WARN_OBJC_ROOT_CLASS = YES_ERROR;
				CLANG_WARN_QUOTED_INCLUDE_IN_FRAMEWORK_HEADER = YES;
				CLANG_WARN_RANGE_LOOP_ANALYSIS = YES;
				CLANG_WARN_STRICT_PROTOTYPES = YES;
				CLANG_WARN_SUSPICIOUS_MOVE = YES;
				CLANG_WARN_UNGUARDED_AVAILABILITY = YES_AGGRESSIVE;
				CLANG_WARN_UNREACHABLE_CODE = YES;
				CLANG_WARN__DUPLICATE_METHOD_MATCH = YES;
				COPY_PHASE_STRIP = NO;
				DEBUG_INFORMATION_FORMAT = "dwarf-with-dsym";
				ENABLE_NS_ASSERTIONS = NO;
				ENABLE_STRICT_OBJC_MSGSEND = YES;
				GCC_C_LANGUAGE_STANDARD = gnu11;
				GCC_NO_COMMON_BLOCKS = YES;
				GCC_WARN_64_TO_32_BIT_CONVERSION = YES;
				GCC_WARN_ABOUT_RETURN_TYPE = YES_ERROR;
				GCC_WARN_UNDECLARED_SELECTOR = YES;
				GCC_WARN_UNINITIALIZED_AUTOS = YES_AGGRESSIVE;
				GCC_WARN_UNUSED_FUNCTION = YES;
				GCC_WARN_UNUSED_VARIABLE = YES;
				IPHONEOS_DEPLOYMENT_TARGET = 14.0;
				MTL_ENABLE_DEBUG_INFO = NO;
				MTL_FAST_MATH = YES;
				SDKROOT = iphoneos;
				SWIFT_COMPILATION_MODE = wholemodule;
				SWIFT_OPTIMIZATION_LEVEL = "-O";
				VALIDATE_PRODUCT = YES;
			};
			name = Release;
		};
		0A8FA477251DE0290003D7EB /* Debug */ = {
			isa = XCBuildConfiguration;
			baseConfigurationReference = F60045E90BB5C15B6F875854 /* Pods-Countries.debug.xcconfig */;
			buildSettings = {
				ASSETCATALOG_COMPILER_APPICON_NAME = AppIcon;
				ASSETCATALOG_COMPILER_GLOBAL_ACCENT_COLOR_NAME = AccentColor;
				CODE_SIGN_STYLE = Automatic;
				DEVELOPMENT_TEAM = PFY5L55ZF2;
				INFOPLIST_FILE = Countries/Info.plist;
				IPHONEOS_DEPLOYMENT_TARGET = 13.0;
				LD_RUNPATH_SEARCH_PATHS = (
					"$(inherited)",
					"@executable_path/Frameworks",
				);
				PRODUCT_BUNDLE_IDENTIFIER = com.chernovDA.Countries;
				PRODUCT_NAME = "$(TARGET_NAME)";
				SWIFT_VERSION = 5.0;
				TARGETED_DEVICE_FAMILY = 1;
			};
			name = Debug;
		};
		0A8FA478251DE0290003D7EB /* Release */ = {
			isa = XCBuildConfiguration;
			baseConfigurationReference = 28B4FFC0FCB6BD795DCEDB2A /* Pods-Countries.release.xcconfig */;
			buildSettings = {
				ASSETCATALOG_COMPILER_APPICON_NAME = AppIcon;
				ASSETCATALOG_COMPILER_GLOBAL_ACCENT_COLOR_NAME = AccentColor;
				CODE_SIGN_STYLE = Automatic;
				DEVELOPMENT_TEAM = PFY5L55ZF2;
				INFOPLIST_FILE = Countries/Info.plist;
				IPHONEOS_DEPLOYMENT_TARGET = 13.0;
				LD_RUNPATH_SEARCH_PATHS = (
					"$(inherited)",
					"@executable_path/Frameworks",
				);
				PRODUCT_BUNDLE_IDENTIFIER = com.chernovDA.Countries;
				PRODUCT_NAME = "$(TARGET_NAME)";
				SWIFT_VERSION = 5.0;
				TARGETED_DEVICE_FAMILY = 1;
			};
			name = Release;
		};
		0A8FA47A251DE0290003D7EB /* Debug */ = {
			isa = XCBuildConfiguration;
			baseConfigurationReference = 232F1037AB5484C6A83A5084 /* Pods-CountriesTests.debug.xcconfig */;
			buildSettings = {
				ALWAYS_EMBED_SWIFT_STANDARD_LIBRARIES = YES;
				BUNDLE_LOADER = "$(TEST_HOST)";
				CODE_SIGN_STYLE = Automatic;
				DEVELOPMENT_TEAM = PFY5L55ZF2;
				INFOPLIST_FILE = CountriesTests/Info.plist;
				IPHONEOS_DEPLOYMENT_TARGET = 14.0;
				LD_RUNPATH_SEARCH_PATHS = (
					"$(inherited)",
					"@executable_path/Frameworks",
					"@loader_path/Frameworks",
				);
				PRODUCT_BUNDLE_IDENTIFIER = com.chernovDA.CountriesTests;
				PRODUCT_NAME = "$(TARGET_NAME)";
				SWIFT_VERSION = 5.0;
				TARGETED_DEVICE_FAMILY = "1,2";
				TEST_HOST = "$(BUILT_PRODUCTS_DIR)/Countries.app/Countries";
			};
			name = Debug;
		};
		0A8FA47B251DE0290003D7EB /* Release */ = {
			isa = XCBuildConfiguration;
			baseConfigurationReference = FD13D8BE93FAEE51555BD33F /* Pods-CountriesTests.release.xcconfig */;
			buildSettings = {
				ALWAYS_EMBED_SWIFT_STANDARD_LIBRARIES = YES;
				BUNDLE_LOADER = "$(TEST_HOST)";
				CODE_SIGN_STYLE = Automatic;
				DEVELOPMENT_TEAM = PFY5L55ZF2;
				INFOPLIST_FILE = CountriesTests/Info.plist;
				IPHONEOS_DEPLOYMENT_TARGET = 14.0;
				LD_RUNPATH_SEARCH_PATHS = (
					"$(inherited)",
					"@executable_path/Frameworks",
					"@loader_path/Frameworks",
				);
				PRODUCT_BUNDLE_IDENTIFIER = com.chernovDA.CountriesTests;
				PRODUCT_NAME = "$(TARGET_NAME)";
				SWIFT_VERSION = 5.0;
				TARGETED_DEVICE_FAMILY = "1,2";
				TEST_HOST = "$(BUILT_PRODUCTS_DIR)/Countries.app/Countries";
			};
			name = Release;
		};
		0A8FA47D251DE0290003D7EB /* Debug */ = {
			isa = XCBuildConfiguration;
			baseConfigurationReference = 9884CD61BB786B9BD0DDF3D0 /* Pods-Countries-CountriesUITests.debug.xcconfig */;
			buildSettings = {
				ALWAYS_EMBED_SWIFT_STANDARD_LIBRARIES = YES;
				CODE_SIGN_STYLE = Automatic;
				DEVELOPMENT_TEAM = PFY5L55ZF2;
				INFOPLIST_FILE = CountriesUITests/Info.plist;
				LD_RUNPATH_SEARCH_PATHS = (
					"$(inherited)",
					"@executable_path/Frameworks",
					"@loader_path/Frameworks",
				);
				PRODUCT_BUNDLE_IDENTIFIER = com.chernovDA.CountriesUITests;
				PRODUCT_NAME = "$(TARGET_NAME)";
				SWIFT_VERSION = 5.0;
				TARGETED_DEVICE_FAMILY = "1,2";
				TEST_TARGET_NAME = Countries;
			};
			name = Debug;
		};
		0A8FA47E251DE0290003D7EB /* Release */ = {
			isa = XCBuildConfiguration;
			baseConfigurationReference = 2B685CDE43C094328D18B2EE /* Pods-Countries-CountriesUITests.release.xcconfig */;
			buildSettings = {
				ALWAYS_EMBED_SWIFT_STANDARD_LIBRARIES = YES;
				CODE_SIGN_STYLE = Automatic;
				DEVELOPMENT_TEAM = PFY5L55ZF2;
				INFOPLIST_FILE = CountriesUITests/Info.plist;
				LD_RUNPATH_SEARCH_PATHS = (
					"$(inherited)",
					"@executable_path/Frameworks",
					"@loader_path/Frameworks",
				);
				PRODUCT_BUNDLE_IDENTIFIER = com.chernovDA.CountriesUITests;
				PRODUCT_NAME = "$(TARGET_NAME)";
				SWIFT_VERSION = 5.0;
				TARGETED_DEVICE_FAMILY = "1,2";
				TEST_TARGET_NAME = Countries;
			};
			name = Release;
		};
/* End XCBuildConfiguration section */

/* Begin XCConfigurationList section */
		0A8FA447251DE0250003D7EB /* Build configuration list for PBXProject "Countries" */ = {
			isa = XCConfigurationList;
			buildConfigurations = (
				0A8FA474251DE0290003D7EB /* Debug */,
				0A8FA475251DE0290003D7EB /* Release */,
			);
			defaultConfigurationIsVisible = 0;
			defaultConfigurationName = Release;
		};
		0A8FA476251DE0290003D7EB /* Build configuration list for PBXNativeTarget "Countries" */ = {
			isa = XCConfigurationList;
			buildConfigurations = (
				0A8FA477251DE0290003D7EB /* Debug */,
				0A8FA478251DE0290003D7EB /* Release */,
			);
			defaultConfigurationIsVisible = 0;
			defaultConfigurationName = Release;
		};
		0A8FA479251DE0290003D7EB /* Build configuration list for PBXNativeTarget "CountriesTests" */ = {
			isa = XCConfigurationList;
			buildConfigurations = (
				0A8FA47A251DE0290003D7EB /* Debug */,
				0A8FA47B251DE0290003D7EB /* Release */,
			);
			defaultConfigurationIsVisible = 0;
			defaultConfigurationName = Release;
		};
		0A8FA47C251DE0290003D7EB /* Build configuration list for PBXNativeTarget "CountriesUITests" */ = {
			isa = XCConfigurationList;
			buildConfigurations = (
				0A8FA47D251DE0290003D7EB /* Debug */,
				0A8FA47E251DE0290003D7EB /* Release */,
			);
			defaultConfigurationIsVisible = 0;
			defaultConfigurationName = Release;
		};
/* End XCConfigurationList section */
	};
	rootObject = 0A8FA444251DE0250003D7EB /* Project object */;
}
